version: 1
marketplaces:
  ai:
    git: https://github.com/hiukky/ai
    revision: 37e7ef63e0f93f7525c5aae17b64cf513edadcce
plugins:
  git:
    marketplace: ai
    integrity: sha256:9fb1033ca5758c99a8cd1ac2f8fbf9c73f81195afe80f2ee4cac81733bcf618a
  tui:
    marketplace: ai
    integrity: sha256:469a90295746991142c2d4e248acac3fd76a75439a7b015c154bb7a54513b858
