version: 1
marketplaces:
  ai:
    git: https://github.com/hiukky/ai
    revision: 66db2e8d1f3a23e7b6c676cec32688a8157b88f4
plugins:
  git:
    marketplace: ai
    integrity: sha256:09654d7ed6e64c83c4b832254c0207a8be81d13a8c8ab5e81a636b9a56d168f9
  tui:
    marketplace: ai
    integrity: sha256:aab7de3c377ebd36aea0dbec2562ec1577e18da05f60b44895db01e9d7907d57
